Microsoft Visual Studio Solution File, Format Version 12.00
# Visual Studio 15
VisualStudioVersion = 15.0.26403.7
MinimumVisualStudioVersion = 15.0.26124.0
Project("{2150E333-8FDC-42A3-9474-1A3956D46DE8}") = "src", "src", "{540EF389-E49F-49E5-AE4A-124A1AD11E45}"
EndProject
Project("{FAE04EC0-301F-11D3-BF4B-00C04F79EFBC}") = "BundtBot", "src\BundtBot\BundtBot.csproj", "{64FD93F2-E822-4AE0-9184-F759648EEE39}"
EndProject
Project("{FAE04EC0-301F-11D3-BF4B-00C04F79EFBC}") = "BundtCommon", "src\BundtCommon\BundtCommon.csproj", "{CF57ECE9-60BB-4A05-A952-CF8A3DACE984}"
EndProject
Project("{FAE04EC0-301F-11D3-BF4B-00C04F79EFBC}") = "BundtCord", "src\BundtCord\BundtCord.csproj", "{5E583641-055C-4C41-B837-46D13B5333EF}"
EndProject
Project("{FAE04EC0-301F-11D3-BF4B-00C04F79EFBC}") = "DiscordApiWrapper", "src\DiscordApiWrapper\DiscordApiWrapper.csproj", "{2B8D3AE8-4DEF-49F4-90DB-B01E107F7093}"
EndProject
Project("{2150E333-8FDC-42A3-9474-1A3956D46DE8}") = "test", "test", "{EF389158-0C65-45F6-813B-0C9C0846BA02}"
EndProject
Project("{FAE04EC0-301F-11D3-BF4B-00C04F79EFBC}") = "BundtBotTests", "test\BundtBotTests\BundtBotTests.csproj", "{18429D45-C840-4568-B933-899D4E6BEC64}"
EndProject
Project("{FAE04EC0-301F-11D3-BF4B-00C04F79EFBC}") = "FakeDiscordSharp", "test\FakeDiscordSharp\FakeDiscordSharp.csproj", "{603AB60A-08EF-4DC3-92E5-029C4C52BEC8}"
EndProject
Project("{FAE04EC0-301F-11D3-BF4B-00C04F79EFBC}") = "GatewayClientIntegrationTests", "test\GatewayClientIntegrationTests\GatewayClientIntegrationTests.csproj", "{A05966B9-43C5-4A76-8689-C767601167A2}"
EndProject
Project("{FAE04EC0-301F-11D3-BF4B-00C04F79EFBC}") = "RateLimitTests", "test\RateLimitTests\RateLimitTests.csproj", "{5E4634A9-DED8-48AA-B382-A3E686ED19E9}"
EndProject
Project("{FAE04EC0-301F-11D3-BF4B-00C04F79EFBC}") = "TesterBot", "test\TesterBot\TesterBot.csproj", "{B30F28A9-80C8-49D1-A624-6E3361B1FE1D}"
EndProject
Global
	GlobalSection(SolutionConfigurationPlatforms) = preSolution
		Debug|Any CPU = Debug|Any CPU
		Debug|x64 = Debug|x64
		Debug|x86 = Debug|x86
		Release|Any CPU = Release|Any CPU
		Release|x64 = Release|x64
		Release|x86 = Release|x86
	EndGlobalSection
	GlobalSection(ProjectConfigurationPlatforms) = postSolution
		{64FD93F2-E822-4AE0-9184-F759648EEE39}.Debug|Any CPU.ActiveCfg = Debug|Any CPU
		{64FD93F2-E822-4AE0-9184-F759648EEE39}.Debug|Any CPU.Build.0 = Debug|Any CPU
		{64FD93F2-E822-4AE0-9184-F759648EEE39}.Debug|x64.ActiveCfg = Debug|Any CPU
		{64FD93F2-E822-4AE0-9184-F759648EEE39}.Debug|x64.Build.0 = Debug|Any CPU
		{64FD93F2-E822-4AE0-9184-F759648EEE39}.Debug|x86.ActiveCfg = Debug|Any CPU
		{64FD93F2-E822-4AE0-9184-F759648EEE39}.Debug|x86.Build.0 = Debug|Any CPU
		{64FD93F2-E822-4AE0-9184-F759648EEE39}.Release|Any CPU.ActiveCfg = Release|Any CPU
		{64FD93F2-E822-4AE0-9184-F759648EEE39}.Release|Any CPU.Build.0 = Release|Any CPU
		{64FD93F2-E822-4AE0-9184-F759648EEE39}.Release|x64.ActiveCfg = Release|Any CPU
		{64FD93F2-E822-4AE0-9184-F759648EEE39}.Release|x64.Build.0 = Release|Any CPU
		{64FD93F2-E822-4AE0-9184-F759648EEE39}.Release|x86.ActiveCfg = Release|Any CPU
		{64FD93F2-E822-4AE0-9184-F759648EEE39}.Release|x86.Build.0 = Release|Any CPU
		{CF57ECE9-60BB-4A05-A952-CF8A3DACE984}.Debug|Any CPU.ActiveCfg = Debug|Any CPU
		{CF57ECE9-60BB-4A05-A952-CF8A3DACE984}.Debug|Any CPU.Build.0 = Debug|Any CPU
		{CF57ECE9-60BB-4A05-A952-CF8A3DACE984}.Debug|x64.ActiveCfg = Debug|Any CPU
		{CF57ECE9-60BB-4A05-A952-CF8A3DACE984}.Debug|x64.Build.0 = Debug|Any CPU
		{CF57ECE9-60BB-4A05-A952-CF8A3DACE984}.Debug|x86.ActiveCfg = Debug|Any CPU
		{CF57ECE9-60BB-4A05-A952-CF8A3DACE984}.Debug|x86.Build.0 = Debug|Any CPU
		{CF57ECE9-60BB-4A05-A952-CF8A3DACE984}.Release|Any CPU.ActiveCfg = Release|Any CPU
		{CF57ECE9-60BB-4A05-A952-CF8A3DACE984}.Release|Any CPU.Build.0 = Release|Any CPU
		{CF57ECE9-60BB-4A05-A952-CF8A3DACE984}.Release|x64.ActiveCfg = Release|Any CPU
		{CF57ECE9-60BB-4A05-A952-CF8A3DACE984}.Release|x64.Build.0 = Release|Any CPU
		{CF57ECE9-60BB-4A05-A952-CF8A3DACE984}.Release|x86.ActiveCfg = Release|Any CPU
		{CF57ECE9-60BB-4A05-A952-CF8A3DACE984}.Release|x86.Build.0 = Release|Any CPU
		{5E583641-055C-4C41-B837-46D13B5333EF}.Debug|Any CPU.ActiveCfg = Debug|Any CPU
		{5E583641-055C-4C41-B837-46D13B5333EF}.Debug|Any CPU.Build.0 = Debug|Any CPU
		{5E583641-055C-4C41-B837-46D13B5333EF}.Debug|x64.ActiveCfg = Debug|Any CPU
		{5E583641-055C-4C41-B837-46D13B5333EF}.Debug|x64.Build.0 = Debug|Any CPU
		{5E583641-055C-4C41-B837-46D13B5333EF}.Debug|x86.ActiveCfg = Debug|Any CPU
		{5E583641-055C-4C41-B837-46D13B5333EF}.Debug|x86.Build.0 = Debug|Any CPU
		{5E583641-055C-4C41-B837-46D13B5333EF}.Release|Any CPU.ActiveCfg = Release|Any CPU
		{5E583641-055C-4C41-B837-46D13B5333EF}.Release|Any CPU.Build.0 = Release|Any CPU
		{5E583641-055C-4C41-B837-46D13B5333EF}.Release|x64.ActiveCfg = Release|Any CPU
		{5E583641-055C-4C41-B837-46D13B5333EF}.Release|x64.Build.0 = Release|Any CPU
		{5E583641-055C-4C41-B837-46D13B5333EF}.Release|x86.ActiveCfg = Release|Any CPU
		{5E583641-055C-4C41-B837-46D13B5333EF}.Release|x86.Build.0 = Release|Any CPU
		{2B8D3AE8-4DEF-49F4-90DB-B01E107F7093}.Debug|Any CPU.ActiveCfg = Debug|Any CPU
		{2B8D3AE8-4DEF-49F4-90DB-B01E107F7093}.Debug|Any CPU.Build.0 = Debug|Any CPU
		{2B8D3AE8-4DEF-49F4-90DB-B01E107F7093}.Debug|x64.ActiveCfg = Debug|Any CPU
		{2B8D3AE8-4DEF-49F4-90DB-B01E107F7093}.Debug|x64.Build.0 = Debug|Any CPU
		{2B8D3AE8-4DEF-49F4-90DB-B01E107F7093}.Debug|x86.ActiveCfg = Debug|Any CPU
		{2B8D3AE8-4DEF-49F4-90DB-B01E107F7093}.Debug|x86.Build.0 = Debug|Any CPU
		{2B8D3AE8-4DEF-49F4-90DB-B01E107F7093}.Release|Any CPU.ActiveCfg = Release|Any CPU
		{2B8D3AE8-4DEF-49F4-90DB-B01E107F7093}.Release|Any CPU.Build.0 = Release|Any CPU
		{2B8D3AE8-4DEF-49F4-90DB-B01E107F7093}.Release|x64.ActiveCfg = Release|Any CPU
		{2B8D3AE8-4DEF-49F4-90DB-B01E107F7093}.Release|x64.Build.0 = Release|Any CPU
		{2B8D3AE8-4DEF-49F4-90DB-B01E107F7093}.Release|x86.ActiveCfg = Release|Any CPU
		{2B8D3AE8-4DEF-49F4-90DB-B01E107F7093}.Release|x86.Build.0 = Release|Any CPU
		{18429D45-C840-4568-B933-899D4E6BEC64}.Debug|Any CPU.ActiveCfg = Debug|Any CPU
		{18429D45-C840-4568-B933-899D4E6BEC64}.Debug|Any CPU.Build.0 = Debug|Any CPU
		{18429D45-C840-4568-B933-899D4E6BEC64}.Debug|x64.ActiveCfg = Debug|Any CPU
		{18429D45-C840-4568-B933-899D4E6BEC64}.Debug|x64.Build.0 = Debug|Any CPU
		{18429D45-C840-4568-B933-899D4E6BEC64}.Debug|x86.ActiveCfg = Debug|Any CPU
		{18429D45-C840-4568-B933-899D4E6BEC64}.Debug|x86.Build.0 = Debug|Any CPU
		{18429D45-C840-4568-B933-899D4E6BEC64}.Release|Any CPU.ActiveCfg = Release|Any CPU
		{18429D45-C840-4568-B933-899D4E6BEC64}.Release|Any CPU.Build.0 = Release|Any CPU
		{18429D45-C840-4568-B933-899D4E6BEC64}.Release|x64.ActiveCfg = Release|Any CPU
		{18429D45-C840-4568-B933-899D4E6BEC64}.Release|x64.Build.0 = Release|Any CPU
		{18429D45-C840-4568-B933-899D4E6BEC64}.Release|x86.ActiveCfg = Release|Any CPU
		{18429D45-C840-4568-B933-899D4E6BEC64}.Release|x86.Build.0 = Release|Any CPU
		{603AB60A-08EF-4DC3-92E5-029C4C52BEC8}.Debug|Any CPU.ActiveCfg = Debug|Any CPU
		{603AB60A-08EF-4DC3-92E5-029C4C52BEC8}.Debug|Any CPU.Build.0 = Debug|Any CPU
		{603AB60A-08EF-4DC3-92E5-029C4C52BEC8}.Debug|x64.ActiveCfg = Debug|Any CPU
		{603AB60A-08EF-4DC3-92E5-029C4C52BEC8}.Debug|x64.Build.0 = Debug|Any CPU
		{603AB60A-08EF-4DC3-92E5-029C4C52BEC8}.Debug|x86.ActiveCfg = Debug|Any CPU
		{603AB60A-08EF-4DC3-92E5-029C4C52BEC8}.Debug|x86.Build.0 = Debug|Any CPU
		{603AB60A-08EF-4DC3-92E5-029C4C52BEC8}.Release|Any CPU.ActiveCfg = Release|Any CPU
		{603AB60A-08EF-4DC3-92E5-029C4C52BEC8}.Release|Any CPU.Build.0 = Release|Any CPU
		{603AB60A-08EF-4DC3-92E5-029C4C52BEC8}.Release|x64.ActiveCfg = Release|Any CPU
		{603AB60A-08EF-4DC3-92E5-029C4C52BEC8}.Release|x64.Build.0 = Release|Any CPU
		{603AB60A-08EF-4DC3-92E5-029C4C52BEC8}.Release|x86.ActiveCfg = Release|Any CPU
		{603AB60A-08EF-4DC3-92E5-029C4C52BEC8}.Release|x86.Build.0 = Release|Any CPU
		{A05966B9-43C5-4A76-8689-C767601167A2}.Debug|Any CPU.ActiveCfg = Debug|Any CPU
		{A05966B9-43C5-4A76-8689-C767601167A2}.Debug|Any CPU.Build.0 = Debug|Any CPU
		{A05966B9-43C5-4A76-8689-C767601167A2}.Debug|x64.ActiveCfg = Debug|Any CPU
		{A05966B9-43C5-4A76-8689-C767601167A2}.Debug|x64.Build.0 = Debug|Any CPU
		{A05966B9-43C5-4A76-8689-C767601167A2}.Debug|x86.ActiveCfg = Debug|Any CPU
		{A05966B9-43C5-4A76-8689-C767601167A2}.Debug|x86.Build.0 = Debug|Any CPU
		{A05966B9-43C5-4A76-8689-C767601167A2}.Release|Any CPU.ActiveCfg = Release|Any CPU
		{A05966B9-43C5-4A76-8689-C767601167A2}.Release|Any CPU.Build.0 = Release|Any CPU
		{A05966B9-43C5-4A76-8689-C767601167A2}.Release|x64.ActiveCfg = Release|Any CPU
		{A05966B9-43C5-4A76-8689-C767601167A2}.Release|x64.Build.0 = Release|Any CPU
		{A05966B9-43C5-4A76-8689-C767601167A2}.Release|x86.ActiveCfg = Release|Any CPU
		{A05966B9-43C5-4A76-8689-C767601167A2}.Release|x86.Build.0 = Release|Any CPU
		{5E4634A9-DED8-48AA-B382-A3E686ED19E9}.Debug|Any CPU.ActiveCfg = Debug|Any CPU
		{5E4634A9-DED8-48AA-B382-A3E686ED19E9}.Debug|Any CPU.Build.0 = Debug|Any CPU
		{5E4634A9-DED8-48AA-B382-A3E686ED19E9}.Debug|x64.ActiveCfg = Debug|Any CPU
		{5E4634A9-DED8-48AA-B382-A3E686ED19E9}.Debug|x64.Build.0 = Debug|Any CPU
		{5E4634A9-DED8-48AA-B382-A3E686ED19E9}.Debug|x86.ActiveCfg = Debug|Any CPU
		{5E4634A9-DED8-48AA-B382-A3E686ED19E9}.Debug|x86.Build.0 = Debug|Any CPU
		{5E4634A9-DED8-48AA-B382-A3E686ED19E9}.Release|Any CPU.ActiveCfg = Release|Any CPU
		{5E4634A9-DED8-48AA-B382-A3E686ED19E9}.Release|Any CPU.Build.0 = Release|Any CPU
		{5E4634A9-DED8-48AA-B382-A3E686ED19E9}.Release|x64.ActiveCfg = Release|Any CPU
		{5E4634A9-DED8-48AA-B382-A3E686ED19E9}.Release|x64.Build.0 = Release|Any CPU
		{5E4634A9-DED8-48AA-B382-A3E686ED19E9}.Release|x86.ActiveCfg = Release|Any CPU
		{5E4634A9-DED8-48AA-B382-A3E686ED19E9}.Release|x86.Build.0 = Release|Any CPU
		{B30F28A9-80C8-49D1-A624-6E3361B1FE1D}.Debug|Any CPU.ActiveCfg = Debug|Any CPU
		{B30F28A9-80C8-49D1-A624-6E3361B1FE1D}.Debug|Any CPU.Build.0 = Debug|Any CPU
		{B30F28A9-80C8-49D1-A624-6E3361B1FE1D}.Debug|x64.ActiveCfg = Debug|x64
		{B30F28A9-80C8-49D1-A624-6E3361B1FE1D}.Debug|x64.Build.0 = Debug|x64
		{B30F28A9-80C8-49D1-A624-6E3361B1FE1D}.Debug|x86.ActiveCfg = Debug|x86
		{B30F28A9-80C8-49D1-A624-6E3361B1FE1D}.Debug|x86.Build.0 = Debug|x86
		{B30F28A9-80C8-49D1-A624-6E3361B1FE1D}.Release|Any CPU.ActiveCfg = Release|Any CPU
		{B30F28A9-80C8-49D1-A624-6E3361B1FE1D}.Release|Any CPU.Build.0 = Release|Any CPU
		{B30F28A9-80C8-49D1-A624-6E3361B1FE1D}.Release|x64.ActiveCfg = Release|x64
		{B30F28A9-80C8-49D1-A624-6E3361B1FE1D}.Release|x64.Build.0 = Release|x64
		{B30F28A9-80C8-49D1-A624-6E3361B1FE1D}.Release|x86.ActiveCfg = Release|x86
		{B30F28A9-80C8-49D1-A624-6E3361B1FE1D}.Release|x86.Build.0 = Release|x86
	EndGlobalSection
	GlobalSection(SolutionProperties) = preSolution
		HideSolutionNode = FALSE
	EndGlobalSection
	GlobalSection(NestedProjects) = preSolution
		{64FD93F2-E822-4AE0-9184-F759648EEE39} = {540EF389-E49F-49E5-AE4A-124A1AD11E45}
		{CF57ECE9-60BB-4A05-A952-CF8A3DACE984} = {540EF389-E49F-49E5-AE4A-124A1AD11E45}
		{5E583641-055C-4C41-B837-46D13B5333EF} = {540EF389-E49F-49E5-AE4A-124A1AD11E45}
		{2B8D3AE8-4DEF-49F4-90DB-B01E107F7093} = {540EF389-E49F-49E5-AE4A-124A1AD11E45}
		{18429D45-C840-4568-B933-899D4E6BEC64} = {EF389158-0C65-45F6-813B-0C9C0846BA02}
		{603AB60A-08EF-4DC3-92E5-029C4C52BEC8} = {EF389158-0C65-45F6-813B-0C9C0846BA02}
		{A05966B9-43C5-4A76-8689-C767601167A2} = {EF389158-0C65-45F6-813B-0C9C0846BA02}
		{5E4634A9-DED8-48AA-B382-A3E686ED19E9} = {EF389158-0C65-45F6-813B-0C9C0846BA02}
		{B30F28A9-80C8-49D1-A624-6E3361B1FE1D} = {EF389158-0C65-45F6-813B-0C9C0846BA02}
	EndGlobalSection
EndGlobal
